// !$*UTF8*$!
{
	archiveVersion = 1;
	classes = {
	};
	objectVersion = 50;
	objects = {

/* Begin PBXBuildFile section */
		8ED396973255F6158A44383F /* libPods-SalesAccountBookTests.a in Frameworks */ = {isa = PBXBuildFile; fileRef = B6E3180023D8AE660F185B6F /* libPods-SalesAccountBookTests.a */; };
		D2044B8C23F42841008DFDB1 /* TitleWithTextField.swift in Sources */ = {isa = PBXBuildFile; fileRef = D2044B8B23F42841008DFDB1 /* TitleWithTextField.swift */; };
		D2044B8E23F43EFE008DFDB1 /* UIImage+Resize.swift in Sources */ = {isa = PBXBuildFile; fileRef = D2044B8D23F43EFE008DFDB1 /* UIImage+Resize.swift */; };
		D2044B9223F44C54008DFDB1 /* UIView+Border.swift in Sources */ = {isa = PBXBuildFile; fileRef = D2044B9123F44C54008DFDB1 /* UIView+Border.swift */; };
		D2156BFD23F26B2A002885C6 /* MerchDetailViewController.swift in Sources */ = {isa = PBXBuildFile; fileRef = D2156BFC23F26B2A002885C6 /* MerchDetailViewController.swift */; };
		D223CD1723F57F2B003A8EF6 /* String+Date.swift in Sources */ = {isa = PBXBuildFile; fileRef = D223CD1623F57F2B003A8EF6 /* String+Date.swift */; };
		D223CD1923F5859D003A8EF6 /* TitleWithDatePicker.swift in Sources */ = {isa = PBXBuildFile; fileRef = D223CD1823F5859C003A8EF6 /* TitleWithDatePicker.swift */; };
		D22AF8C923F1447800186AA4 /* InventoryViewController.swift in Sources */ = {isa = PBXBuildFile; fileRef = D22AF8C823F1447800186AA4 /* InventoryViewController.swift */; };
		D22AF8CE23F14FE700186AA4 /* Localizable.strings in Resources */ = {isa = PBXBuildFile; fileRef = D22AF8D023F14FE700186AA4 /* Localizable.strings */; };
		D2364E2623F54D6600F93973 /* CustomerFieldsContainer.swift in Sources */ = {isa = PBXBuildFile; fileRef = D2364E2223F54D6600F93973 /* CustomerFieldsContainer.swift */; };
		D2364E2723F54D6600F93973 /* CustomerDetailViewController.swift in Sources */ = {isa = PBXBuildFile; fileRef = D2364E2323F54D6600F93973 /* CustomerDetailViewController.swift */; };
		D2364E2823F54D6600F93973 /* CustomerDetailsConfigurator.swift in Sources */ = {isa = PBXBuildFile; fileRef = D2364E2423F54D6600F93973 /* CustomerDetailsConfigurator.swift */; };
		D2364E2923F54D6600F93973 /* CustomerIconView.swift in Sources */ = {isa = PBXBuildFile; fileRef = D2364E2523F54D6600F93973 /* CustomerIconView.swift */; };
		D2364E2D23F57E0600F93973 /* Date+String.swift in Sources */ = {isa = PBXBuildFile; fileRef = D2364E2C23F57E0600F93973 /* Date+String.swift */; };
		D23A385223F5100E00488DFD /* MerchFieldsContainer.swift in Sources */ = {isa = PBXBuildFile; fileRef = D23A385123F5100E00488DFD /* MerchFieldsContainer.swift */; };
		D26BF52A23F281C100EDB259 /* Merch+CoreDataProperties.swift in Sources */ = {isa = PBXBuildFile; fileRef = D26BF52823F281C100EDB259 /* Merch+CoreDataProperties.swift */; };
		D26BF52B23F281C100EDB259 /* Merch+CoreDataClass.swift in Sources */ = {isa = PBXBuildFile; fileRef = D26BF52923F281C100EDB259 /* Merch+CoreDataClass.swift */; };
		D26BF52D23F2830A00EDB259 /* StoreKit.framework in Frameworks */ = {isa = PBXBuildFile; fileRef = D26BF52C23F2830A00EDB259 /* StoreKit.framework */; };
		D26BF52F23F28FEE00EDB259 /* CoreStack.swift in Sources */ = {isa = PBXBuildFile; fileRef = D26BF52E23F28FEE00EDB259 /* CoreStack.swift */; };
		D26BF53123F2F7F600EDB259 /* UIAlertController+Factory.swift in Sources */ = {isa = PBXBuildFile; fileRef = D26BF53023F2F7F600EDB259 /* UIAlertController+Factory.swift */; };
		D2A55A0023F1584800022E9A /* Inventory.swift in Sources */ = {isa = PBXBuildFile; fileRef = D2A559FF23F1584800022E9A /* Inventory.swift */; };
		D2C3E8AE23F30D7500C0F33B /* TypeAliases.swift in Sources */ = {isa = PBXBuildFile; fileRef = D2C3E8AD23F30D7500C0F33B /* TypeAliases.swift */; };
		D2C3E8B223F3A16B00C0F33B /* Enums.swift in Sources */ = {isa = PBXBuildFile; fileRef = D2C3E8B123F3A16B00C0F33B /* Enums.swift */; };
		D2C3E8B423F3B31700C0F33B /* MerchDetailsConfigurator.swift in Sources */ = {isa = PBXBuildFile; fileRef = D2C3E8B323F3B31700C0F33B /* MerchDetailsConfigurator.swift */; };
		D2C7D85223F13333004C66B4 /* AppDelegate.swift in Sources */ = {isa = PBXBuildFile; fileRef = D2C7D85123F13333004C66B4 /* AppDelegate.swift */; };
		D2C7D85C23F13333004C66B4 /* SalesAccountBook.xcdatamodeld in Sources */ = {isa = PBXBuildFile; fileRef = D2C7D85A23F13333004C66B4 /* SalesAccountBook.xcdatamodeld */; };
		D2C7D85E23F13336004C66B4 /* Assets.xcassets in Resources */ = {isa = PBXBuildFile; fileRef = D2C7D85D23F13336004C66B4 /* Assets.xcassets */; };
		D2C7D86123F13336004C66B4 /* LaunchScreen.storyboard in Resources */ = {isa = PBXBuildFile; fileRef = D2C7D85F23F13336004C66B4 /* LaunchScreen.storyboard */; };
		D2C7D86C23F13336004C66B4 /* SalesAccountBookTests.swift in Sources */ = {isa = PBXBuildFile; fileRef = D2C7D86B23F13336004C66B4 /* SalesAccountBookTests.swift */; };
		D2C7D87723F13336004C66B4 /* SalesAccountBookUITests.swift in Sources */ = {isa = PBXBuildFile; fileRef = D2C7D87623F13336004C66B4 /* SalesAccountBookUITests.swift */; };
		D2D3F71023F40CE90034D83F /* MerchIconView.swift in Sources */ = {isa = PBXBuildFile; fileRef = D2D3F70F23F40CE90034D83F /* MerchIconView.swift */; };
		D2D6BA5023F522CE007894FD /* CustomerList.swift in Sources */ = {isa = PBXBuildFile; fileRef = D2D6BA4F23F522CE007894FD /* CustomerList.swift */; };
		D2D6BA7623F527FA007894FD /* CustomerCell.swift in Sources */ = {isa = PBXBuildFile; fileRef = D2D6BA7423F527FA007894FD /* CustomerCell.swift */; };
		D2D6BA7723F527FA007894FD /* CustomerViewController.swift in Sources */ = {isa = PBXBuildFile; fileRef = D2D6BA7523F527FA007894FD /* CustomerViewController.swift */; };
		D2D6BA7C23F52DE8007894FD /* Order+CoreDataProperties.swift in Sources */ = {isa = PBXBuildFile; fileRef = D2D6BA7823F52DE8007894FD /* Order+CoreDataProperties.swift */; };
		D2D6BA7D23F52DE8007894FD /* OrderItem+CoreDataClass.swift in Sources */ = {isa = PBXBuildFile; fileRef = D2D6BA7923F52DE8007894FD /* OrderItem+CoreDataClass.swift */; };
		D2D6BA7E23F52DE8007894FD /* OrderItem+CoreDataProperties.swift in Sources */ = {isa = PBXBuildFile; fileRef = D2D6BA7A23F52DE8007894FD /* OrderItem+CoreDataProperties.swift */; };
		D2D6BA7F23F52DE8007894FD /* Order+CoreDataClass.swift in Sources */ = {isa = PBXBuildFile; fileRef = D2D6BA7B23F52DE8007894FD /* Order+CoreDataClass.swift */; };
		D2D6BA8223F52DF5007894FD /* Customer+CoreDataClass.swift in Sources */ = {isa = PBXBuildFile; fileRef = D2D6BA8023F52DF5007894FD /* Customer+CoreDataClass.swift */; };
		D2D6BA8323F52DF5007894FD /* Customer+CoreDataProperties.swift in Sources */ = {isa = PBXBuildFile; fileRef = D2D6BA8123F52DF5007894FD /* Customer+CoreDataProperties.swift */; };
		D2D6D98C23F2545E003CDFAC /* Refreshable.swift in Sources */ = {isa = PBXBuildFile; fileRef = D2D6D98B23F2545E003CDFAC /* Refreshable.swift */; };
		D2F6007623F1704B003AAA58 /* InventoryCell.swift in Sources */ = {isa = PBXBuildFile; fileRef = D2F6007523F1704B003AAA58 /* InventoryCell.swift */; };
		D2F6007823F172DD003AAA58 /* Constants.swift in Sources */ = {isa = PBXBuildFile; fileRef = D2F6007723F172DD003AAA58 /* Constants.swift */; };
		D2F6007B23F19299003AAA58 /* InfoPlist.strings in Resources */ = {isa = PBXBuildFile; fileRef = D2F6007D23F19299003AAA58 /* InfoPlist.strings */; };
		D2F6008C23F1B16A003AAA58 /* UIView+Animation.swift in Sources */ = {isa = PBXBuildFile; fileRef = D2F6008823F1B16A003AAA58 /* UIView+Animation.swift */; };
		D2F6008D23F1B16A003AAA58 /* IconWithTextLabel.swift in Sources */ = {isa = PBXBuildFile; fileRef = D2F6008923F1B16A003AAA58 /* IconWithTextLabel.swift */; };
		D2F6009023F24861003AAA58 /* InventoryHeader.swift in Sources */ = {isa = PBXBuildFile; fileRef = D2F6008F23F24861003AAA58 /* InventoryHeader.swift */; };
		DE607B1EBB0023BEE607DE7C /* libPods-SalesAccountBook.a in Frameworks */ = {isa = PBXBuildFile; fileRef = 0DB031935C5243BD3CFD3F56 /* libPods-SalesAccountBook.a */; };
		EA24C96DF2295B0F7B357361 /* libPods-SalesAccountBookUITests.a in Frameworks */ = {isa = PBXBuildFile; fileRef = 89151F49DAAEDBB60D5D17A7 /* libPods-SalesAccountBookUITests.a */; };
/* End PBXBuildFile section */

/* Begin PBXContainerItemProxy section */
		D2C7D86823F13336004C66B4 /* PBXContainerItemProxy */ = {
			isa = PBXContainerItemProxy;
			containerPortal = D2C7D84623F13333004C66B4 /* Project object */;
			proxyType = 1;
			remoteGlobalIDString = D2C7D84D23F13333004C66B4;
			remoteInfo = SalesAccountBook;
		};
		D2C7D87323F13336004C66B4 /* PBXContainerItemProxy */ = {
			isa = PBXContainerItemProxy;
			containerPortal = D2C7D84623F13333004C66B4 /* Project object */;
			proxyType = 1;
			remoteGlobalIDString = D2C7D84D23F13333004C66B4;
			remoteInfo = SalesAccountBook;
		};
/* End PBXContainerItemProxy section */

/* Begin PBXFileReference section */
		031FB57617AEE24DBAB0F10B /* Pods-SalesAccountBookUITests.debug.xcconfig */ = {isa = PBXFileReference; includeInIndex = 1; lastKnownFileType = text.xcconfig; name = "Pods-SalesAccountBookUITests.debug.xcconfig"; path = "Target Support Files/Pods-SalesAccountBookUITests/Pods-SalesAccountBookUITests.debug.xcconfig"; sourceTree = "<group>"; };
		0DB031935C5243BD3CFD3F56 /* libPods-SalesAccountBook.a */ = {isa = PBXFileReference; explicitFileType = archive.ar; includeInIndex = 0; path = "libPods-SalesAccountBook.a"; sourceTree = BUILT_PRODUCTS_DIR; };
		57AC3AEBC6D61BEC54F84BFA /* Pods-SalesAccountBookTests.release.xcconfig */ = {isa = PBXFileReference; includeInIndex = 1; lastKnownFileType = text.xcconfig; name = "Pods-SalesAccountBookTests.release.xcconfig"; path = "Target Support Files/Pods-SalesAccountBookTests/Pods-SalesAccountBookTests.release.xcconfig"; sourceTree = "<group>"; };
		74E8514E1DC173456249207E /* Pods-SalesAccountBook.release.xcconfig */ = {isa = PBXFileReference; includeInIndex = 1; lastKnownFileType = text.xcconfig; name = "Pods-SalesAccountBook.release.xcconfig"; path = "Target Support Files/Pods-SalesAccountBook/Pods-SalesAccountBook.release.xcconfig"; sourceTree = "<group>"; };
		89151F49DAAEDBB60D5D17A7 /* libPods-SalesAccountBookUITests.a */ = {isa = PBXFileReference; explicitFileType = archive.ar; includeInIndex = 0; path = "libPods-SalesAccountBookUITests.a"; sourceTree = BUILT_PRODUCTS_DIR; };
		8EB64F0192810E6BB94DC369 /* Pods-SalesAccountBook.debug.xcconfig */ = {isa = PBXFileReference; includeInIndex = 1; lastKnownFileType = text.xcconfig; name = "Pods-SalesAccountBook.debug.xcconfig"; path = "Target Support Files/Pods-SalesAccountBook/Pods-SalesAccountBook.debug.xcconfig"; sourceTree = "<group>"; };
		B6E3180023D8AE660F185B6F /* libPods-SalesAccountBookTests.a */ = {isa = PBXFileReference; explicitFileType = archive.ar; includeInIndex = 0; path = "libPods-SalesAccountBookTests.a"; sourceTree = BUILT_PRODUCTS_DIR; };
		D2044B8B23F42841008DFDB1 /* TitleWithTextField.swift */ = {isa = PBXFileReference; lastKnownFileType = sourcecode.swift; path = TitleWithTextField.swift; sourceTree = "<group>"; };
		D2044B8D23F43EFE008DFDB1 /* UIImage+Resize.swift */ = {isa = PBXFileReference; lastKnownFileType = sourcecode.swift; path = "UIImage+Resize.swift"; sourceTree = "<group>"; };
		D2044B9123F44C54008DFDB1 /* UIView+Border.swift */ = {isa = PBXFileReference; lastKnownFileType = sourcecode.swift; path = "UIView+Border.swift"; sourceTree = "<group>"; };
		D2156BFC23F26B2A002885C6 /* MerchDetailViewController.swift */ = {isa = PBXFileReference; lastKnownFileType = sourcecode.swift; path = MerchDetailViewController.swift; sourceTree = "<group>"; };
		D223CD1623F57F2B003A8EF6 /* String+Date.swift */ = {isa = PBXFileReference; lastKnownFileType = sourcecode.swift; path = "String+Date.swift"; sourceTree = "<group>"; };
		D223CD1823F5859C003A8EF6 /* TitleWithDatePicker.swift */ = {isa = PBXFileReference; lastKnownFileType = sourcecode.swift; path = TitleWithDatePicker.swift; sourceTree = "<group>"; };
		D22AF8C823F1447800186AA4 /* InventoryViewController.swift */ = {isa = PBXFileReference; lastKnownFileType = sourcecode.swift; path = InventoryViewController.swift; sourceTree = "<group>"; };
		D22AF8CF23F14FE700186AA4 /* en */ = {isa = PBXFileReference; lastKnownFileType = text.plist.strings; name = en; path = en.lproj/Localizable.strings; sourceTree = "<group>"; };
		D2364E2223F54D6600F93973 /* CustomerFieldsContainer.swift */ = {isa = PBXFileReference; fileEncoding = 4; lastKnownFileType = sourcecode.swift; path = CustomerFieldsContainer.swift; sourceTree = "<group>"; };
		D2364E2323F54D6600F93973 /* CustomerDetailViewController.swift */ = {isa = PBXFileReference; fileEncoding = 4; lastKnownFileType = sourcecode.swift; path = CustomerDetailViewController.swift; sourceTree = "<group>"; };
		D2364E2423F54D6600F93973 /* CustomerDetailsConfigurator.swift */ = {isa = PBXFileReference; fileEncoding = 4; lastKnownFileType = sourcecode.swift; path = CustomerDetailsConfigurator.swift; sourceTree = "<group>"; };
		D2364E2523F54D6600F93973 /* CustomerIconView.swift */ = {isa = PBXFileReference; fileEncoding = 4; lastKnownFileType = sourcecode.swift; path = CustomerIconView.swift; sourceTree = "<group>"; };
		D2364E2C23F57E0600F93973 /* Date+String.swift */ = {isa = PBXFileReference; lastKnownFileType = sourcecode.swift; path = "Date+String.swift"; sourceTree = "<group>"; };
		D23A385123F5100E00488DFD /* MerchFieldsContainer.swift */ = {isa = PBXFileReference; lastKnownFileType = sourcecode.swift; path = MerchFieldsContainer.swift; sourceTree = "<group>"; };
		D26BF52823F281C100EDB259 /* Merch+CoreDataProperties.swift */ = {isa = PBXFileReference; fileEncoding = 4; lastKnownFileType = sourcecode.swift; path = "Merch+CoreDataProperties.swift"; sourceTree = "<group>"; };
		D26BF52923F281C100EDB259 /* Merch+CoreDataClass.swift */ = {isa = PBXFileReference; fileEncoding = 4; lastKnownFileType = sourcecode.swift; path = "Merch+CoreDataClass.swift"; sourceTree = "<group>"; };
		D26BF52C23F2830A00EDB259 /* StoreKit.framework */ = {isa = PBXFileReference; lastKnownFileType = wrapper.framework; name = StoreKit.framework; path = System/Library/Frameworks/StoreKit.framework; sourceTree = SDKROOT; };
		D26BF52E23F28FEE00EDB259 /* CoreStack.swift */ = {isa = PBXFileReference; lastKnownFileType = sourcecode.swift; path = CoreStack.swift; sourceTree = "<group>"; };
		D26BF53023F2F7F600EDB259 /* UIAlertController+Factory.swift */ = {isa = PBXFileReference; lastKnownFileType = sourcecode.swift; path = "UIAlertController+Factory.swift"; sourceTree = "<group>"; };
		D2A559F823F152AD00022E9A /* zh-Hant */ = {isa = PBXFileReference; lastKnownFileType = text.plist.strings; name = "zh-Hant"; path = "zh-Hant.lproj/Localizable.strings"; sourceTree = "<group>"; };
		D2A559F923F152C100022E9A /* zh-Hans */ = {isa = PBXFileReference; lastKnownFileType = text.plist.strings; name = "zh-Hans"; path = "zh-Hans.lproj/Localizable.strings"; sourceTree = "<group>"; };
		D2A559FA23F155A200022E9A /* zh-HK */ = {isa = PBXFileReference; lastKnownFileType = text.plist.strings; name = "zh-HK"; path = "zh-HK.lproj/Localizable.strings"; sourceTree = "<group>"; };
		D2A559FF23F1584800022E9A /* Inventory.swift */ = {isa = PBXFileReference; lastKnownFileType = sourcecode.swift; path = Inventory.swift; sourceTree = "<group>"; };
		D2C3E8AD23F30D7500C0F33B /* TypeAliases.swift */ = {isa = PBXFileReference; fileEncoding = 4; lastKnownFileType = sourcecode.swift; path = TypeAliases.swift; sourceTree = "<group>"; };
		D2C3E8B123F3A16B00C0F33B /* Enums.swift */ = {isa = PBXFileReference; lastKnownFileType = sourcecode.swift; path = Enums.swift; sourceTree = "<group>"; };
		D2C3E8B323F3B31700C0F33B /* MerchDetailsConfigurator.swift */ = {isa = PBXFileReference; lastKnownFileType = sourcecode.swift; path = MerchDetailsConfigurator.swift; sourceTree = "<group>"; };
		D2C7D84E23F13333004C66B4 /* SalesAccountBook.app */ = {isa = PBXFileReference; explicitFileType = wrapper.application; includeInIndex = 0; path = SalesAccountBook.app; sourceTree = BUILT_PRODUCTS_DIR; };
		D2C7D85123F13333004C66B4 /* AppDelegate.swift */ = {isa = PBXFileReference; lastKnownFileType = sourcecode.swift; path = AppDelegate.swift; sourceTree = "<group>"; };
		D2C7D85B23F13333004C66B4 /* SalesAccountBook.xcdatamodel */ = {isa = PBXFileReference; lastKnownFileType = wrapper.xcdatamodel; path = SalesAccountBook.xcdatamodel; sourceTree = "<group>"; };
		D2C7D85D23F13336004C66B4 /* Assets.xcassets */ = {isa = PBXFileReference; lastKnownFileType = folder.assetcatalog; path = Assets.xcassets; sourceTree = "<group>"; };
		D2C7D86023F13336004C66B4 /* Base */ = {isa = PBXFileReference; lastKnownFileType = file.storyboard; name = Base; path = Base.lproj/LaunchScreen.storyboard; sourceTree = "<group>"; };
		D2C7D86223F13336004C66B4 /* Info.plist */ = {isa = PBXFileReference; lastKnownFileType = text.plist.xml; path = Info.plist; sourceTree = "<group>"; };
		D2C7D86723F13336004C66B4 /* SalesAccountBookTests.xctest */ = {isa = PBXFileReference; explicitFileType = wrapper.cfbundle; includeInIndex = 0; path = SalesAccountBookTests.xctest; sourceTree = BUILT_PRODUCTS_DIR; };
		D2C7D86B23F13336004C66B4 /* SalesAccountBookTests.swift */ = {isa = PBXFileReference; lastKnownFileType = sourcecode.swift; path = SalesAccountBookTests.swift; sourceTree = "<group>"; };
		D2C7D86D23F13336004C66B4 /* Info.plist */ = {isa = PBXFileReference; lastKnownFileType = text.plist.xml; path = Info.plist; sourceTree = "<group>"; };
		D2C7D87223F13336004C66B4 /* SalesAccountBookUITests.xctest */ = {isa = PBXFileReference; explicitFileType = wrapper.cfbundle; includeInIndex = 0; path = SalesAccountBookUITests.xctest; sourceTree = BUILT_PRODUCTS_DIR; };
		D2C7D87623F13336004C66B4 /* SalesAccountBookUITests.swift */ = {isa = PBXFileReference; lastKnownFileType = sourcecode.swift; path = SalesAccountBookUITests.swift; sourceTree = "<group>"; };
		D2C7D87823F13336004C66B4 /* Info.plist */ = {isa = PBXFileReference; lastKnownFileType = text.plist.xml; path = Info.plist; sourceTree = "<group>"; };
		D2D3F70F23F40CE90034D83F /* MerchIconView.swift */ = {isa = PBXFileReference; lastKnownFileType = sourcecode.swift; path = MerchIconView.swift; sourceTree = "<group>"; };
		D2D6BA4F23F522CE007894FD /* CustomerList.swift */ = {isa = PBXFileReference; lastKnownFileType = sourcecode.swift; path = CustomerList.swift; sourceTree = "<group>"; };
		D2D6BA7423F527FA007894FD /* CustomerCell.swift */ = {isa = PBXFileReference; fileEncoding = 4; lastKnownFileType = sourcecode.swift; path = CustomerCell.swift; sourceTree = "<group>"; };
		D2D6BA7523F527FA007894FD /* CustomerViewController.swift */ = {isa = PBXFileReference; fileEncoding = 4; lastKnownFileType = sourcecode.swift; path = CustomerViewController.swift; sourceTree = "<group>"; };
		D2D6BA7823F52DE8007894FD /* Order+CoreDataProperties.swift */ = {isa = PBXFileReference; fileEncoding = 4; lastKnownFileType = sourcecode.swift; path = "Order+CoreDataProperties.swift"; sourceTree = "<group>"; };
		D2D6BA7923F52DE8007894FD /* OrderItem+CoreDataClass.swift */ = {isa = PBXFileReference; fileEncoding = 4; lastKnownFileType = sourcecode.swift; path = "OrderItem+CoreDataClass.swift"; sourceTree = "<group>"; };
		D2D6BA7A23F52DE8007894FD /* OrderItem+CoreDataProperties.swift */ = {isa = PBXFileReference; fileEncoding = 4; lastKnownFileType = sourcecode.swift; path = "OrderItem+CoreDataProperties.swift"; sourceTree = "<group>"; };
		D2D6BA7B23F52DE8007894FD /* Order+CoreDataClass.swift */ = {isa = PBXFileReference; fileEncoding = 4; lastKnownFileType = sourcecode.swift; path = "Order+CoreDataClass.swift"; sourceTree = "<group>"; };
		D2D6BA8023F52DF5007894FD /* Customer+CoreDataClass.swift */ = {isa = PBXFileReference; fileEncoding = 4; lastKnownFileType = sourcecode.swift; path = "Customer+CoreDataClass.swift"; sourceTree = "<group>"; };
		D2D6BA8123F52DF5007894FD /* Customer+CoreDataProperties.swift */ = {isa = PBXFileReference; fileEncoding = 4; lastKnownFileType = sourcecode.swift; path = "Customer+CoreDataProperties.swift"; sourceTree = "<group>"; };
		D2D6D98B23F2545E003CDFAC /* Refreshable.swift */ = {isa = PBXFileReference; lastKnownFileType = sourcecode.swift; path = Refreshable.swift; sourceTree = "<group>"; };
		D2F6007523F1704B003AAA58 /* InventoryCell.swift */ = {isa = PBXFileReference; lastKnownFileType = sourcecode.swift; path = InventoryCell.swift; sourceTree = "<group>"; };
		D2F6007723F172DD003AAA58 /* Constants.swift */ = {isa = PBXFileReference; lastKnownFileType = sourcecode.swift; path = Constants.swift; sourceTree = "<group>"; };
		D2F6007C23F19299003AAA58 /* en */ = {isa = PBXFileReference; lastKnownFileType = text.plist.strings; name = en; path = en.lproj/InfoPlist.strings; sourceTree = "<group>"; };
		D2F6007E23F1929E003AAA58 /* zh-Hant */ = {isa = PBXFileReference; lastKnownFileType = text.plist.strings; name = "zh-Hant"; path = "zh-Hant.lproj/InfoPlist.strings"; sourceTree = "<group>"; };
		D2F6007F23F192A0003AAA58 /* zh-HK */ = {isa = PBXFileReference; lastKnownFileType = text.plist.strings; name = "zh-HK"; path = "zh-HK.lproj/InfoPlist.strings"; sourceTree = "<group>"; };
		D2F6008023F192A1003AAA58 /* zh-Hans */ = {isa = PBXFileReference; lastKnownFileType = text.plist.strings; name = "zh-Hans"; path = "zh-Hans.lproj/InfoPlist.strings"; sourceTree = "<group>"; };
		D2F6008823F1B16A003AAA58 /* UIView+Animation.swift */ = {isa = PBXFileReference; fileEncoding = 4; lastKnownFileType = sourcecode.swift; path = "UIView+Animation.swift"; sourceTree = "<group>"; };
		D2F6008923F1B16A003AAA58 /* IconWithTextLabel.swift */ = {isa = PBXFileReference; fileEncoding = 4; lastKnownFileType = sourcecode.swift; path = IconWithTextLabel.swift; sourceTree = "<group>"; };
		D2F6008F23F24861003AAA58 /* InventoryHeader.swift */ = {isa = PBXFileReference; lastKnownFileType = sourcecode.swift; path = InventoryHeader.swift; sourceTree = "<group>"; };
		F396CF4E4699A3A53863C9AE /* Pods-SalesAccountBookUITests.release.xcconfig */ = {isa = PBXFileReference; includeInIndex = 1; lastKnownFileType = text.xcconfig; name = "Pods-SalesAccountBookUITests.release.xcconfig"; path = "Target Support Files/Pods-SalesAccountBookUITests/Pods-SalesAccountBookUITests.release.xcconfig"; sourceTree = "<group>"; };
		F550AB1B838D36EE699453AF /* Pods-SalesAccountBookTests.debug.xcconfig */ = {isa = PBXFileReference; includeInIndex = 1; lastKnownFileType = text.xcconfig; name = "Pods-SalesAccountBookTests.debug.xcconfig"; path = "Target Support Files/Pods-SalesAccountBookTests/Pods-SalesAccountBookTests.debug.xcconfig"; sourceTree = "<group>"; };
/* End PBXFileReference section */

/* Begin PBXFrameworksBuildPhase section */
		D2C7D84B23F13333004C66B4 /* Frameworks */ = {
			isa = PBXFrameworksBuildPhase;
			buildActionMask = 2147483647;
			files = (
				DE607B1EBB0023BEE607DE7C /* libPods-SalesAccountBook.a in Frameworks */,
				D26BF52D23F2830A00EDB259 /* StoreKit.framework in Frameworks */,
			);
			runOnlyForDeploymentPostprocessing = 0;
		};
		D2C7D86423F13336004C66B4 /* Frameworks */ = {
			isa = PBXFrameworksBuildPhase;
			buildActionMask = 2147483647;
			files = (
				8ED396973255F6158A44383F /* libPods-SalesAccountBookTests.a in Frameworks */,
			);
			runOnlyForDeploymentPostprocessing = 0;
		};
		D2C7D86F23F13336004C66B4 /* Frameworks */ = {
			isa = PBXFrameworksBuildPhase;
			buildActionMask = 2147483647;
			files = (
				EA24C96DF2295B0F7B357361 /* libPods-SalesAccountBookUITests.a in Frameworks */,
			);
			runOnlyForDeploymentPostprocessing = 0;
		};
/* End PBXFrameworksBuildPhase section */

/* Begin PBXGroup section */
		128B9261D5A56EB5520969EE /* Frameworks */ = {
			isa = PBXGroup;
			children = (
				D26BF52C23F2830A00EDB259 /* StoreKit.framework */,
				0DB031935C5243BD3CFD3F56 /* libPods-SalesAccountBook.a */,
				B6E3180023D8AE660F185B6F /* libPods-SalesAccountBookTests.a */,
				89151F49DAAEDBB60D5D17A7 /* libPods-SalesAccountBookUITests.a */,
			);
			name = Frameworks;
			sourceTree = "<group>";
		};
		D22AF8CA23F144B100186AA4 /* UI */ = {
			isa = PBXGroup;
			children = (
				D2F6008523F1B16A003AAA58 /* Shared */,
				D2D6BA7323F527FA007894FD /* Customer Screen */,
				D2364E2123F54D6600F93973 /* Customer Details Screen */,
				D22AF8CB23F144C300186AA4 /* Inventory Screen */,
				D2C3E8B523F3B48400C0F33B /* Merch Screen */,
			);
			path = UI;
			sourceTree = "<group>";
		};
		D22AF8CB23F144C300186AA4 /* Inventory Screen */ = {
			isa = PBXGroup;
			children = (
				D22AF8C823F1447800186AA4 /* InventoryViewController.swift */,
				D2F6008F23F24861003AAA58 /* InventoryHeader.swift */,
				D2F6007523F1704B003AAA58 /* InventoryCell.swift */,
			);
			path = "Inventory Screen";
			sourceTree = "<group>";
		};
		D2364E2123F54D6600F93973 /* Customer Details Screen */ = {
			isa = PBXGroup;
			children = (
				D2364E2223F54D6600F93973 /* CustomerFieldsContainer.swift */,
				D2364E2323F54D6600F93973 /* CustomerDetailViewController.swift */,
				D2364E2423F54D6600F93973 /* CustomerDetailsConfigurator.swift */,
				D2364E2523F54D6600F93973 /* CustomerIconView.swift */,
			);
			path = "Customer Details Screen";
			sourceTree = "<group>";
		};
		D26BF51F23F2805600EDB259 /* Raw Model */ = {
			isa = PBXGroup;
			children = (
				D2D6BA6923F52763007894FD /* Order */,
				D2D6BA6A23F5276B007894FD /* Customer */,
				D2D6BA6B23F52772007894FD /* Merch */,
			);
			path = "Raw Model";
			sourceTree = "<group>";
		};
		D2A559FD23F157E700022E9A /* Model */ = {
			isa = PBXGroup;
			children = (
				D2A55A0123F1584C00022E9A /* View Model */,
				D26BF51F23F2805600EDB259 /* Raw Model */,
			);
			path = Model;
			sourceTree = "<group>";
		};
		D2A55A0123F1584C00022E9A /* View Model */ = {
			isa = PBXGroup;
			children = (
				D2D6BA4F23F522CE007894FD /* CustomerList.swift */,
				D2A559FF23F1584800022E9A /* Inventory.swift */,
			);
			path = "View Model";
			sourceTree = "<group>";
		};
		D2C3E8B523F3B48400C0F33B /* Merch Screen */ = {
			isa = PBXGroup;
			children = (
				D2156BFC23F26B2A002885C6 /* MerchDetailViewController.swift */,
				D2C3E8B323F3B31700C0F33B /* MerchDetailsConfigurator.swift */,
				D2D3F70F23F40CE90034D83F /* MerchIconView.swift */,
				D23A385123F5100E00488DFD /* MerchFieldsContainer.swift */,
			);
			path = "Merch Screen";
			sourceTree = "<group>";
		};
		D2C7D84523F13333004C66B4 = {
			isa = PBXGroup;
			children = (
				D2C7D85023F13333004C66B4 /* SalesAccountBook */,
				D2C7D86A23F13336004C66B4 /* SalesAccountBookTests */,
				D2C7D87523F13336004C66B4 /* SalesAccountBookUITests */,
				D2C7D84F23F13333004C66B4 /* Products */,
				F9D5A3030A454CFDF3331C7B /* Pods */,
				128B9261D5A56EB5520969EE /* Frameworks */,
			);
			sourceTree = "<group>";
		};
		D2C7D84F23F13333004C66B4 /* Products */ = {
			isa = PBXGroup;
			children = (
				D2C7D84E23F13333004C66B4 /* SalesAccountBook.app */,
				D2C7D86723F13336004C66B4 /* SalesAccountBookTests.xctest */,
				D2C7D87223F13336004C66B4 /* SalesAccountBookUITests.xctest */,
			);
			name = Products;
			sourceTree = "<group>";
		};
		D2C7D85023F13333004C66B4 /* SalesAccountBook */ = {
			isa = PBXGroup;
			children = (
				D2C7D85123F13333004C66B4 /* AppDelegate.swift */,
				D2F6007723F172DD003AAA58 /* Constants.swift */,
				D26BF52E23F28FEE00EDB259 /* CoreStack.swift */,
				D2C3E8AD23F30D7500C0F33B /* TypeAliases.swift */,
				D2A559FD23F157E700022E9A /* Model */,
				D22AF8CA23F144B100186AA4 /* UI */,
				D2F6008723F1B16A003AAA58 /* Extension */,
				D2D6D98D23F25464003CDFAC /* Protocol */,
				D2C7D85D23F13336004C66B4 /* Assets.xcassets */,
				D2C7D85F23F13336004C66B4 /* LaunchScreen.storyboard */,
				D2C7D86223F13336004C66B4 /* Info.plist */,
				D2C7D85A23F13333004C66B4 /* SalesAccountBook.xcdatamodeld */,
				D22AF8D023F14FE700186AA4 /* Localizable.strings */,
				D2F6007D23F19299003AAA58 /* InfoPlist.strings */,
			);
			path = SalesAccountBook;
			sourceTree = "<group>";
		};
		D2C7D86A23F13336004C66B4 /* SalesAccountBookTests */ = {
			isa = PBXGroup;
			children = (
				D2C7D86B23F13336004C66B4 /* SalesAccountBookTests.swift */,
				D2C7D86D23F13336004C66B4 /* Info.plist */,
			);
			path = SalesAccountBookTests;
			sourceTree = "<group>";
		};
		D2C7D87523F13336004C66B4 /* SalesAccountBookUITests */ = {
			isa = PBXGroup;
			children = (
				D2C7D87623F13336004C66B4 /* SalesAccountBookUITests.swift */,
				D2C7D87823F13336004C66B4 /* Info.plist */,
			);
			path = SalesAccountBookUITests;
			sourceTree = "<group>";
		};
		D2D6BA6923F52763007894FD /* Order */ = {
			isa = PBXGroup;
			children = (
				D2D6BA7B23F52DE8007894FD /* Order+CoreDataClass.swift */,
				D2D6BA7823F52DE8007894FD /* Order+CoreDataProperties.swift */,
				D2D6BA7923F52DE8007894FD /* OrderItem+CoreDataClass.swift */,
				D2D6BA7A23F52DE8007894FD /* OrderItem+CoreDataProperties.swift */,
			);
			path = Order;
			sourceTree = "<group>";
		};
		D2D6BA6A23F5276B007894FD /* Customer */ = {
			isa = PBXGroup;
			children = (
				D2D6BA8023F52DF5007894FD /* Customer+CoreDataClass.swift */,
				D2D6BA8123F52DF5007894FD /* Customer+CoreDataProperties.swift */,
			);
			path = Customer;
			sourceTree = "<group>";
		};
		D2D6BA6B23F52772007894FD /* Merch */ = {
			isa = PBXGroup;
			children = (
				D26BF52923F281C100EDB259 /* Merch+CoreDataClass.swift */,
				D26BF52823F281C100EDB259 /* Merch+CoreDataProperties.swift */,
			);
			path = Merch;
			sourceTree = "<group>";
		};
		D2D6BA7323F527FA007894FD /* Customer Screen */ = {
			isa = PBXGroup;
			children = (
				D2D6BA7523F527FA007894FD /* CustomerViewController.swift */,
				D2D6BA7423F527FA007894FD /* CustomerCell.swift */,
			);
			path = "Customer Screen";
			sourceTree = "<group>";
		};
		D2D6D98D23F25464003CDFAC /* Protocol */ = {
			isa = PBXGroup;
			children = (
				D2D6D98B23F2545E003CDFAC /* Refreshable.swift */,
				D2C3E8B123F3A16B00C0F33B /* Enums.swift */,
			);
			path = Protocol;
			sourceTree = "<group>";
		};
		D2F6008523F1B16A003AAA58 /* Shared */ = {
			isa = PBXGroup;
			children = (
				D2F6008923F1B16A003AAA58 /* IconWithTextLabel.swift */,
				D2044B8B23F42841008DFDB1 /* TitleWithTextField.swift */,
				D223CD1823F5859C003A8EF6 /* TitleWithDatePicker.swift */,
			);
			path = Shared;
			sourceTree = "<group>";
		};
		D2F6008723F1B16A003AAA58 /* Extension */ = {
			isa = PBXGroup;
			children = (
				D2F6008823F1B16A003AAA58 /* UIView+Animation.swift */,
				D2044B9123F44C54008DFDB1 /* UIView+Border.swift */,
				D26BF53023F2F7F600EDB259 /* UIAlertController+Factory.swift */,
				D2044B8D23F43EFE008DFDB1 /* UIImage+Resize.swift */,
				D2364E2C23F57E0600F93973 /* Date+String.swift */,
				D223CD1623F57F2B003A8EF6 /* String+Date.swift */,
			);
			path = Extension;
			sourceTree = "<group>";
		};
		F9D5A3030A454CFDF3331C7B /* Pods */ = {
			isa = PBXGroup;
			children = (
				8EB64F0192810E6BB94DC369 /* Pods-SalesAccountBook.debug.xcconfig */,
				74E8514E1DC173456249207E /* Pods-SalesAccountBook.release.xcconfig */,
				F550AB1B838D36EE699453AF /* Pods-SalesAccountBookTests.debug.xcconfig */,
				57AC3AEBC6D61BEC54F84BFA /* Pods-SalesAccountBookTests.release.xcconfig */,
				031FB57617AEE24DBAB0F10B /* Pods-SalesAccountBookUITests.debug.xcconfig */,
				F396CF4E4699A3A53863C9AE /* Pods-SalesAccountBookUITests.release.xcconfig */,
			);
			path = Pods;
			sourceTree = "<group>";
		};
/* End PBXGroup section */

/* Begin PBXNativeTarget section */
		D2C7D84D23F13333004C66B4 /* SalesAccountBook */ = {
			isa = PBXNativeTarget;
			buildConfigurationList = D2C7D87B23F13336004C66B4 /* Build configuration list for PBXNativeTarget "SalesAccountBook" */;
			buildPhases = (
				78EAA2A4E14533D425E6D0ED /* [CP] Check Pods Manifest.lock */,
				D2C7D84A23F13333004C66B4 /* Sources */,
				D2C7D84B23F13333004C66B4 /* Frameworks */,
				D2C7D84C23F13333004C66B4 /* Resources */,
			);
			buildRules = (
			);
			dependencies = (
			);
			name = SalesAccountBook;
			productName = SalesAccountBook;
			productReference = D2C7D84E23F13333004C66B4 /* SalesAccountBook.app */;
			productType = "com.apple.product-type.application";
		};
		D2C7D86623F13336004C66B4 /* SalesAccountBookTests */ = {
			isa = PBXNativeTarget;
			buildConfigurationList = D2C7D87E23F13336004C66B4 /* Build configuration list for PBXNativeTarget "SalesAccountBookTests" */;
			buildPhases = (
				EAF9B2AD13EF48347FA0966C /* [CP] Check Pods Manifest.lock */,
				D2C7D86323F13336004C66B4 /* Sources */,
				D2C7D86423F13336004C66B4 /* Frameworks */,
				D2C7D86523F13336004C66B4 /* Resources */,
			);
			buildRules = (
			);
			dependencies = (
				D2C7D86923F13336004C66B4 /* PBXTargetDependency */,
			);
			name = SalesAccountBookTests;
			productName = SalesAccountBookTests;
			productReference = D2C7D86723F13336004C66B4 /* SalesAccountBookTests.xctest */;
			productType = "com.apple.product-type.bundle.unit-test";
		};
		D2C7D87123F13336004C66B4 /* SalesAccountBookUITests */ = {
			isa = PBXNativeTarget;
			buildConfigurationList = D2C7D88123F13336004C66B4 /* Build configuration list for PBXNativeTarget "SalesAccountBookUITests" */;
			buildPhases = (
				334A94DC12F4F3864883E8FE /* [CP] Check Pods Manifest.lock */,
				D2C7D86E23F13336004C66B4 /* Sources */,
				D2C7D86F23F13336004C66B4 /* Frameworks */,
				D2C7D87023F13336004C66B4 /* Resources */,
			);
			buildRules = (
			);
			dependencies = (
				D2C7D87423F13336004C66B4 /* PBXTargetDependency */,
			);
			name = SalesAccountBookUITests;
			productName = SalesAccountBookUITests;
			productReference = D2C7D87223F13336004C66B4 /* SalesAccountBookUITests.xctest */;
			productType = "com.apple.product-type.bundle.ui-testing";
		};
/* End PBXNativeTarget section */

/* Begin PBXProject section */
		D2C7D84623F13333004C66B4 /* Project object */ = {
			isa = PBXProject;
			attributes = {
				LastSwiftUpdateCheck = 1130;
				LastUpgradeCheck = 1130;
				ORGANIZATIONNAME = LabLambWorks;
				TargetAttributes = {
					D2C7D84D23F13333004C66B4 = {
						CreatedOnToolsVersion = 11.3.1;
					};
					D2C7D86623F13336004C66B4 = {
						CreatedOnToolsVersion = 11.3.1;
						TestTargetID = D2C7D84D23F13333004C66B4;
					};
					D2C7D87123F13336004C66B4 = {
						CreatedOnToolsVersion = 11.3.1;
						TestTargetID = D2C7D84D23F13333004C66B4;
					};
				};
			};
			buildConfigurationList = D2C7D84923F13333004C66B4 /* Build configuration list for PBXProject "SalesAccountBook" */;
			compatibilityVersion = "Xcode 9.3";
			developmentRegion = en;
			hasScannedForEncodings = 0;
			knownRegions = (
				en,
				Base,
				"zh-Hant",
				"zh-Hans",
				"zh-HK",
			);
			mainGroup = D2C7D84523F13333004C66B4;
			productRefGroup = D2C7D84F23F13333004C66B4 /* Products */;
			projectDirPath = "";
			projectRoot = "";
			targets = (
				D2C7D84D23F13333004C66B4 /* SalesAccountBook */,
				D2C7D86623F13336004C66B4 /* SalesAccountBookTests */,
				D2C7D87123F13336004C66B4 /* SalesAccountBookUITests */,
			);
		};
/* End PBXProject section */

/* Begin PBXResourcesBuildPhase section */
		D2C7D84C23F13333004C66B4 /* Resources */ = {
			isa = PBXResourcesBuildPhase;
			buildActionMask = 2147483647;
			files = (
				D2C7D86123F13336004C66B4 /* LaunchScreen.storyboard in Resources */,
				D2F6007B23F19299003AAA58 /* InfoPlist.strings in Resources */,
				D22AF8CE23F14FE700186AA4 /* Localizable.strings in Resources */,
				D2C7D85E23F13336004C66B4 /* Assets.xcassets in Resources */,
			);
			runOnlyForDeploymentPostprocessing = 0;
		};
		D2C7D86523F13336004C66B4 /* Resources */ = {
			isa = PBXResourcesBuildPhase;
			buildActionMask = 2147483647;
			files = (
			);
			runOnlyForDeploymentPostprocessing = 0;
		};
		D2C7D87023F13336004C66B4 /* Resources */ = {
			isa = PBXResourcesBuildPhase;
			buildActionMask = 2147483647;
			files = (
			);
			runOnlyForDeploymentPostprocessing = 0;
		};
/* End PBXResourcesBuildPhase section */

/* Begin PBXShellScriptBuildPhase section */
		334A94DC12F4F3864883E8FE /* [CP] Check Pods Manifest.lock */ = {
			isa = PBXShellScriptBuildPhase;
			buildActionMask = 2147483647;
			files = (
			);
			inputFileListPaths = (
			);
			inputPaths = (
				"${PODS_PODFILE_DIR_PATH}/Podfile.lock",
				"${PODS_ROOT}/Manifest.lock",
			);
			name = "[CP] Check Pods Manifest.lock";
			outputFileListPaths = (
			);
			outputPaths = (
				"$(DERIVED_FILE_DIR)/Pods-SalesAccountBookUITests-checkManifestLockResult.txt",
			);
			runOnlyForDeploymentPostprocessing = 0;
			shellPath = /bin/sh;
			shellScript = "diff \"${PODS_PODFILE_DIR_PATH}/Podfile.lock\" \"${PODS_ROOT}/Manifest.lock\" > /dev/null\nif [ $? != 0 ] ; then\n    # print error to STDERR\n    echo \"error: The sandbox is not in sync with the Podfile.lock. Run 'pod install' or update your CocoaPods installation.\" >&2\n    exit 1\nfi\n# This output is used by Xcode 'outputs' to avoid re-running this script phase.\necho \"SUCCESS\" > \"${SCRIPT_OUTPUT_FILE_0}\"\n";
			showEnvVarsInLog = 0;
		};
		78EAA2A4E14533D425E6D0ED /* [CP] Check Pods Manifest.lock */ = {
			isa = PBXShellScriptBuildPhase;
			buildActionMask = 2147483647;
			files = (
			);
			inputFileListPaths = (
			);
			inputPaths = (
				"${PODS_PODFILE_DIR_PATH}/Podfile.lock",
				"${PODS_ROOT}/Manifest.lock",
			);
			name = "[CP] Check Pods Manifest.lock";
			outputFileListPaths = (
			);
			outputPaths = (
				"$(DERIVED_FILE_DIR)/Pods-SalesAccountBook-checkManifestLockResult.txt",
			);
			runOnlyForDeploymentPostprocessing = 0;
			shellPath = /bin/sh;
			shellScript = "diff \"${PODS_PODFILE_DIR_PATH}/Podfile.lock\" \"${PODS_ROOT}/Manifest.lock\" > /dev/null\nif [ $? != 0 ] ; then\n    # print error to STDERR\n    echo \"error: The sandbox is not in sync with the Podfile.lock. Run 'pod install' or update your CocoaPods installation.\" >&2\n    exit 1\nfi\n# This output is used by Xcode 'outputs' to avoid re-running this script phase.\necho \"SUCCESS\" > \"${SCRIPT_OUTPUT_FILE_0}\"\n";
			showEnvVarsInLog = 0;
		};
		EAF9B2AD13EF48347FA0966C /* [CP] Check Pods Manifest.lock */ = {
			isa = PBXShellScriptBuildPhase;
			buildActionMask = 2147483647;
			files = (
			);
			inputFileListPaths = (
			);
			inputPaths = (
				"${PODS_PODFILE_DIR_PATH}/Podfile.lock",
				"${PODS_ROOT}/Manifest.lock",
			);
			name = "[CP] Check Pods Manifest.lock";
			outputFileListPaths = (
			);
			outputPaths = (
				"$(DERIVED_FILE_DIR)/Pods-SalesAccountBookTests-checkManifestLockResult.txt",
			);
			runOnlyForDeploymentPostprocessing = 0;
			shellPath = /bin/sh;
			shellScript = "diff \"${PODS_PODFILE_DIR_PATH}/Podfile.lock\" \"${PODS_ROOT}/Manifest.lock\" > /dev/null\nif [ $? != 0 ] ; then\n    # print error to STDERR\n    echo \"error: The sandbox is not in sync with the Podfile.lock. Run 'pod install' or update your CocoaPods installation.\" >&2\n    exit 1\nfi\n# This output is used by Xcode 'outputs' to avoid re-running this script phase.\necho \"SUCCESS\" > \"${SCRIPT_OUTPUT_FILE_0}\"\n";
			showEnvVarsInLog = 0;
		};
/* End PBXShellScriptBuildPhase section */

/* Begin PBXSourcesBuildPhase section */
		D2C7D84A23F13333004C66B4 /* Sources */ = {
			isa = PBXSourcesBuildPhase;
			buildActionMask = 2147483647;
			files = (
				D2D3F71023F40CE90034D83F /* MerchIconView.swift in Sources */,
				D223CD1923F5859D003A8EF6 /* TitleWithDatePicker.swift in Sources */,
				D2364E2823F54D6600F93973 /* CustomerDetailsConfigurator.swift in Sources */,
				D2C3E8AE23F30D7500C0F33B /* TypeAliases.swift in Sources */,
				D2C7D85C23F13333004C66B4 /* SalesAccountBook.xcdatamodeld in Sources */,
				D2F6008C23F1B16A003AAA58 /* UIView+Animation.swift in Sources */,
				D2F6007623F1704B003AAA58 /* InventoryCell.swift in Sources */,
				D2A55A0023F1584800022E9A /* Inventory.swift in Sources */,
				D2F6007823F172DD003AAA58 /* Constants.swift in Sources */,
				D2D6BA7723F527FA007894FD /* CustomerViewController.swift in Sources */,
				D2D6BA5023F522CE007894FD /* CustomerList.swift in Sources */,
				D2D6BA7C23F52DE8007894FD /* Order+CoreDataProperties.swift in Sources */,
				D2364E2D23F57E0600F93973 /* Date+String.swift in Sources */,
				D2364E2923F54D6600F93973 /* CustomerIconView.swift in Sources */,
				D2D6BA8223F52DF5007894FD /* Customer+CoreDataClass.swift in Sources */,
				D223CD1723F57F2B003A8EF6 /* String+Date.swift in Sources */,
				D2D6BA7623F527FA007894FD /* CustomerCell.swift in Sources */,
				D2D6BA7D23F52DE8007894FD /* OrderItem+CoreDataClass.swift in Sources */,
				D26BF52B23F281C100EDB259 /* Merch+CoreDataClass.swift in Sources */,
				D2F6008D23F1B16A003AAA58 /* IconWithTextLabel.swift in Sources */,
				D2156BFD23F26B2A002885C6 /* MerchDetailViewController.swift in Sources */,
				D2364E2623F54D6600F93973 /* CustomerFieldsContainer.swift in Sources */,
				D2044B9223F44C54008DFDB1 /* UIView+Border.swift in Sources */,
				D26BF52A23F281C100EDB259 /* Merch+CoreDataProperties.swift in Sources */,
				D2364E2723F54D6600F93973 /* CustomerDetailViewController.swift in Sources */,
				D2F6009023F24861003AAA58 /* InventoryHeader.swift in Sources */,
				D2D6D98C23F2545E003CDFAC /* Refreshable.swift in Sources */,
				D2D6BA7E23F52DE8007894FD /* OrderItem+CoreDataProperties.swift in Sources */,
				D2C3E8B423F3B31700C0F33B /* MerchDetailsConfigurator.swift in Sources */,
				D2044B8E23F43EFE008DFDB1 /* UIImage+Resize.swift in Sources */,
				D23A385223F5100E00488DFD /* MerchFieldsContainer.swift in Sources */,
				D22AF8C923F1447800186AA4 /* InventoryViewController.swift in Sources */,
				D2C7D85223F13333004C66B4 /* AppDelegate.swift in Sources */,
				D26BF53123F2F7F600EDB259 /* UIAlertController+Factory.swift in Sources */,
				D2D6BA8323F52DF5007894FD /* Customer+CoreDataProperties.swift in Sources */,
				D2C3E8B223F3A16B00C0F33B /* Enums.swift in Sources */,
				D2044B8C23F42841008DFDB1 /* TitleWithTextField.swift in Sources */,
				D2D6BA7F23F52DE8007894FD /* Order+CoreDataClass.swift in Sources */,
				D26BF52F23F28FEE00EDB259 /* CoreStack.swift in Sources */,
			);
			runOnlyForDeploymentPostprocessing = 0;
		};
		D2C7D86323F13336004C66B4 /* Sources */ = {
			isa = PBXSourcesBuildPhase;
			buildActionMask = 2147483647;
			files = (
				D2C7D86C23F13336004C66B4 /* SalesAccountBookTests.swift in Sources */,
			);
			runOnlyForDeploymentPostprocessing = 0;
		};
		D2C7D86E23F13336004C66B4 /* Sources */ = {
			isa = PBXSourcesBuildPhase;
			buildActionMask = 2147483647;
			files = (
				D2C7D87723F13336004C66B4 /* SalesAccountBookUITests.swift in Sources */,
			);
			runOnlyForDeploymentPostprocessing = 0;
		};
/* End PBXSourcesBuildPhase section */

/* Begin PBXTargetDependency section */
		D2C7D86923F13336004C66B4 /* PBXTargetDependency */ = {
			isa = PBXTargetDependency;
			target = D2C7D84D23F13333004C66B4 /* SalesAccountBook */;
			targetProxy = D2C7D86823F13336004C66B4 /* PBXContainerItemProxy */;
		};
		D2C7D87423F13336004C66B4 /* PBXTargetDependency */ = {
			isa = PBXTargetDependency;
			target = D2C7D84D23F13333004C66B4 /* SalesAccountBook */;
			targetProxy = D2C7D87323F13336004C66B4 /* PBXContainerItemProxy */;
		};
/* End PBXTargetDependency section */

/* Begin PBXVariantGroup section */
		D22AF8D023F14FE700186AA4 /* Localizable.strings */ = {
			isa = PBXVariantGroup;
			children = (
				D22AF8CF23F14FE700186AA4 /* en */,
				D2A559F823F152AD00022E9A /* zh-Hant */,
				D2A559F923F152C100022E9A /* zh-Hans */,
				D2A559FA23F155A200022E9A /* zh-HK */,
			);
			name = Localizable.strings;
			sourceTree = "<group>";
		};
		D2C7D85F23F13336004C66B4 /* LaunchScreen.storyboard */ = {
			isa = PBXVariantGroup;
			children = (
				D2C7D86023F13336004C66B4 /* Base */,
			);
			name = LaunchScreen.storyboard;
			sourceTree = "<group>";
		};
		D2F6007D23F19299003AAA58 /* InfoPlist.strings */ = {
			isa = PBXVariantGroup;
			children = (
				D2F6007C23F19299003AAA58 /* en */,
				D2F6007E23F1929E003AAA58 /* zh-Hant */,
				D2F6007F23F192A0003AAA58 /* zh-HK */,
				D2F6008023F192A1003AAA58 /* zh-Hans */,
			);
			name = InfoPlist.strings;
			sourceTree = "<group>";
		};
/* End PBXVariantGroup section */

/* Begin XCBuildConfiguration section */
		D2C7D87923F13336004C66B4 /* Debug */ = {
			isa = XCBuildConfiguration;
			buildSettings = {
				ALWAYS_SEARCH_USER_PATHS = NO;
				CLANG_ANALYZER_LOCALIZABILITY_NONLOCALIZED = YES;
				CLANG_ANALYZER_NONNULL = YES;
				CLANG_ANALYZER_NUMBER_OBJECT_CONVERSION = YES_AGGRESSIVE;
				CLANG_CXX_LANGUAGE_STANDARD = "gnu++14";
				CLANG_CXX_LIBRARY = "libc++";
				CLANG_ENABLE_MODULES = YES;
				CLANG_ENABLE_OBJC_ARC = YES;
				CLANG_ENABLE_OBJC_WEAK = YES;
				CLANG_WARN_BLOCK_CAPTURE_AUTORELEASING = YES;
				CLANG_WARN_BOOL_CONVERSION = YES;
				CLANG_WARN_COMMA = YES;
				CLANG_WARN_CONSTANT_CONVERSION = YES;
				CLANG_WARN_DEPRECATED_OBJC_IMPLEMENTATIONS = YES;
				CLANG_WARN_DIRECT_OBJC_ISA_USAGE = YES_ERROR;
				CLANG_WARN_DOCUMENTATION_COMMENTS = YES;
				CLANG_WARN_EMPTY_BODY = YES;
				CLANG_WARN_ENUM_CONVERSION = YES;
				CLANG_WARN_INFINITE_RECURSION = YES;
				CLANG_WARN_INT_CONVERSION = YES;
				CLANG_WARN_NON_LITERAL_NULL_CONVERSION = YES;
				CLANG_WARN_OBJC_IMPLICIT_RETAIN_SELF = YES;
				CLANG_WARN_OBJC_LITERAL_CONVERSION = YES;
				CLANG_WARN_OBJC_ROOT_CLASS = YES_ERROR;
				CLANG_WARN_RANGE_LOOP_ANALYSIS = YES;
				CLANG_WARN_STRICT_PROTOTYPES = YES;
				CLANG_WARN_SUSPICIOUS_MOVE = YES;
				CLANG_WARN_UNGUARDED_AVAILABILITY = YES_AGGRESSIVE;
				CLANG_WARN_UNREACHABLE_CODE = YES;
				CLANG_WARN__DUPLICATE_METHOD_MATCH = YES;
				COPY_PHASE_STRIP = NO;
				DEBUG_INFORMATION_FORMAT = dwarf;
				ENABLE_STRICT_OBJC_MSGSEND = YES;
				ENABLE_TESTABILITY = YES;
				GCC_C_LANGUAGE_STANDARD = gnu11;
				GCC_DYNAMIC_NO_PIC = NO;
				GCC_NO_COMMON_BLOCKS = YES;
				GCC_OPTIMIZATION_LEVEL = 0;
				GCC_PREPROCESSOR_DEFINITIONS = (
					"DEBUG=1",
					"$(inherited)",
				);
				GCC_WARN_64_TO_32_BIT_CONVERSION = YES;
				GCC_WARN_ABOUT_RETURN_TYPE = YES_ERROR;
				GCC_WARN_UNDECLARED_SELECTOR = YES;
				GCC_WARN_UNINITIALIZED_AUTOS = YES_AGGRESSIVE;
				GCC_WARN_UNUSED_FUNCTION = YES;
				GCC_WARN_UNUSED_VARIABLE = YES;
				IPHONEOS_DEPLOYMENT_TARGET = 13.2;
				MTL_ENABLE_DEBUG_INFO = INCLUDE_SOURCE;
				MTL_FAST_MATH = YES;
				ONLY_ACTIVE_ARCH = YES;
				SDKROOT = iphoneos;
				SWIFT_ACTIVE_COMPILATION_CONDITIONS = DEBUG;
				SWIFT_OPTIMIZATION_LEVEL = "-Onone";
			};
			name = Debug;
		};
		D2C7D87A23F13336004C66B4 /* Release */ = {
			isa = XCBuildConfiguration;
			buildSettings = {
				ALWAYS_SEARCH_USER_PATHS = NO;
				CLANG_ANALYZER_LOCALIZABILITY_NONLOCALIZED = YES;
				CLANG_ANALYZER_NONNULL = YES;
				CLANG_ANALYZER_NUMBER_OBJECT_CONVERSION = YES_AGGRESSIVE;
				CLANG_CXX_LANGUAGE_STANDARD = "gnu++14";
				CLANG_CXX_LIBRARY = "libc++";
				CLANG_ENABLE_MODULES = YES;
				CLANG_ENABLE_OBJC_ARC = YES;
				CLANG_ENABLE_OBJC_WEAK = YES;
				CLANG_WARN_BLOCK_CAPTURE_AUTORELEASING = YES;
				CLANG_WARN_BOOL_CONVERSION = YES;
				CLANG_WARN_COMMA = YES;
				CLANG_WARN_CONSTANT_CONVERSION = YES;
				CLANG_WARN_DEPRECATED_OBJC_IMPLEMENTATIONS = YES;
				CLANG_WARN_DIRECT_OBJC_ISA_USAGE = YES_ERROR;
				CLANG_WARN_DOCUMENTATION_COMMENTS = YES;
				CLANG_WARN_EMPTY_BODY = YES;
				CLANG_WARN_ENUM_CONVERSION = YES;
				CLANG_WARN_INFINITE_RECURSION = YES;
				CLANG_WARN_INT_CONVERSION = YES;
				CLANG_WARN_NON_LITERAL_NULL_CONVERSION = YES;
				CLANG_WARN_OBJC_IMPLICIT_RETAIN_SELF = YES;
				CLANG_WARN_OBJC_LITERAL_CONVERSION = YES;
				CLANG_WARN_OBJC_ROOT_CLASS = YES_ERROR;
				CLANG_WARN_RANGE_LOOP_ANALYSIS = YES;
				CLANG_WARN_STRICT_PROTOTYPES = YES;
				CLANG_WARN_SUSPICIOUS_MOVE = YES;
				CLANG_WARN_UNGUARDED_AVAILABILITY = YES_AGGRESSIVE;
				CLANG_WARN_UNREACHABLE_CODE = YES;
				CLANG_WARN__DUPLICATE_METHOD_MATCH = YES;
				COPY_PHASE_STRIP = NO;
				DEBUG_INFORMATION_FORMAT = "dwarf-with-dsym";
				ENABLE_NS_ASSERTIONS = NO;
				ENABLE_STRICT_OBJC_MSGSEND = YES;
				GCC_C_LANGUAGE_STANDARD = gnu11;
				GCC_NO_COMMON_BLOCKS = YES;
				GCC_WARN_64_TO_32_BIT_CONVERSION = YES;
				GCC_WARN_ABOUT_RETURN_TYPE = YES_ERROR;
				GCC_WARN_UNDECLARED_SELECTOR = YES;
				GCC_WARN_UNINITIALIZED_AUTOS = YES_AGGRESSIVE;
				GCC_WARN_UNUSED_FUNCTION = YES;
				GCC_WARN_UNUSED_VARIABLE = YES;
				IPHONEOS_DEPLOYMENT_TARGET = 13.2;
				MTL_ENABLE_DEBUG_INFO = NO;
				MTL_FAST_MATH = YES;
				SDKROOT = iphoneos;
				SWIFT_COMPILATION_MODE = wholemodule;
				SWIFT_OPTIMIZATION_LEVEL = "-O";
				VALIDATE_PRODUCT = YES;
			};
			name = Release;
		};
		D2C7D87C23F13336004C66B4 /* Debug */ = {
			isa = XCBuildConfiguration;
			baseConfigurationReference = 8EB64F0192810E6BB94DC369 /* Pods-SalesAccountBook.debug.xcconfig */;
			buildSettings = {
				ASSETCATALOG_COMPILER_APPICON_NAME = AppIcon;
				CODE_SIGN_STYLE = Automatic;
				DEVELOPMENT_TEAM = 5APGXQS5S8;
				INFOPLIST_FILE = SalesAccountBook/Info.plist;
				IPHONEOS_DEPLOYMENT_TARGET = 11.4;
				LD_RUNPATH_SEARCH_PATHS = (
					"$(inherited)",
					"@executable_path/Frameworks",
				);
				PRODUCT_BUNDLE_IDENTIFIER = LabLambWorks.SalesAccountBook;
				PRODUCT_NAME = "$(TARGET_NAME)";
				SWIFT_VERSION = 5.0;
				TARGETED_DEVICE_FAMILY = 1;
			};
			name = Debug;
		};
		D2C7D87D23F13336004C66B4 /* Release */ = {
			isa = XCBuildConfiguration;
			baseConfigurationReference = 74E8514E1DC173456249207E /* Pods-SalesAccountBook.release.xcconfig */;
			buildSettings = {
				ASSETCATALOG_COMPILER_APPICON_NAME = AppIcon;
				CODE_SIGN_STYLE = Automatic;
				DEVELOPMENT_TEAM = 5APGXQS5S8;
				INFOPLIST_FILE = SalesAccountBook/Info.plist;
				IPHONEOS_DEPLOYMENT_TARGET = 11.4;
				LD_RUNPATH_SEARCH_PATHS = (
					"$(inherited)",
					"@executable_path/Frameworks",
				);
				PRODUCT_BUNDLE_IDENTIFIER = LabLambWorks.SalesAccountBook;
				PRODUCT_NAME = "$(TARGET_NAME)";
				SWIFT_VERSION = 5.0;
				TARGETED_DEVICE_FAMILY = 1;
			};
			name = Release;
		};
		D2C7D87F23F13336004C66B4 /* Debug */ = {
			isa = XCBuildConfiguration;
			baseConfigurationReference = F550AB1B838D36EE699453AF /* Pods-SalesAccountBookTests.debug.xcconfig */;
			buildSettings = {
				ALWAYS_EMBED_SWIFT_STANDARD_LIBRARIES = YES;
				BUNDLE_LOADER = "$(TEST_HOST)";
				CODE_SIGN_STYLE = Automatic;
				DEVELOPMENT_TEAM = 5APGXQS5S8;
				INFOPLIST_FILE = SalesAccountBookTests/Info.plist;
				IPHONEOS_DEPLOYMENT_TARGET = 13.2;
				LD_RUNPATH_SEARCH_PATHS = (
					"$(inherited)",
					"@executable_path/Frameworks",
					"@loader_path/Frameworks",
				);
				PRODUCT_BUNDLE_IDENTIFIER = LabLambWorks.SalesAccountBookTests;
				PRODUCT_NAME = "$(TARGET_NAME)";
				SWIFT_VERSION = 5.0;
				TARGETED_DEVICE_FAMILY = "1,2";
				TEST_HOST = "$(BUILT_PRODUCTS_DIR)/SalesAccountBook.app/SalesAccountBook";
			};
			name = Debug;
		};
		D2C7D88023F13336004C66B4 /* Release */ = {
			isa = XCBuildConfiguration;
			baseConfigurationReference = 57AC3AEBC6D61BEC54F84BFA /* Pods-SalesAccountBookTests.release.xcconfig */;
			buildSettings = {
				ALWAYS_EMBED_SWIFT_STANDARD_LIBRARIES = YES;
				BUNDLE_LOADER = "$(TEST_HOST)";
				CODE_SIGN_STYLE = Automatic;
				DEVELOPMENT_TEAM = 5APGXQS5S8;
				INFOPLIST_FILE = SalesAccountBookTests/Info.plist;
				IPHONEOS_DEPLOYMENT_TARGET = 13.2;
				LD_RUNPATH_SEARCH_PATHS = (
					"$(inherited)",
					"@executable_path/Frameworks",
					"@loader_path/Frameworks",
				);
				PRODUCT_BUNDLE_IDENTIFIER = LabLambWorks.SalesAccountBookTests;
				PRODUCT_NAME = "$(TARGET_NAME)";
				SWIFT_VERSION = 5.0;
				TARGETED_DEVICE_FAMILY = "1,2";
				TEST_HOST = "$(BUILT_PRODUCTS_DIR)/SalesAccountBook.app/SalesAccountBook";
			};
			name = Release;
		};
		D2C7D88223F13336004C66B4 /* Debug */ = {
			isa = XCBuildConfiguration;
			baseConfigurationReference = 031FB57617AEE24DBAB0F10B /* Pods-SalesAccountBookUITests.debug.xcconfig */;
			buildSettings = {
				ALWAYS_EMBED_SWIFT_STANDARD_LIBRARIES = YES;
				CODE_SIGN_STYLE = Automatic;
				DEVELOPMENT_TEAM = 5APGXQS5S8;
				INFOPLIST_FILE = SalesAccountBookUITests/Info.plist;
				LD_RUNPATH_SEARCH_PATHS = (
					"$(inherited)",
					"@executable_path/Frameworks",
					"@loader_path/Frameworks",
				);
				PRODUCT_BUNDLE_IDENTIFIER = LabLambWorks.SalesAccountBookUITests;
				PRODUCT_NAME = "$(TARGET_NAME)";
				SWIFT_VERSION = 5.0;
				TARGETED_DEVICE_FAMILY = "1,2";
				TEST_TARGET_NAME = SalesAccountBook;
			};
			name = Debug;
		};
		D2C7D88323F13336004C66B4 /* Release */ = {
			isa = XCBuildConfiguration;
			baseConfigurationReference = F396CF4E4699A3A53863C9AE /* Pods-SalesAccountBookUITests.release.xcconfig */;
			buildSettings = {
				ALWAYS_EMBED_SWIFT_STANDARD_LIBRARIES = YES;
				CODE_SIGN_STYLE = Automatic;
				DEVELOPMENT_TEAM = 5APGXQS5S8;
				INFOPLIST_FILE = SalesAccountBookUITests/Info.plist;
				LD_RUNPATH_SEARCH_PATHS = (
					"$(inherited)",
					"@executable_path/Frameworks",
					"@loader_path/Frameworks",
				);
				PRODUCT_BUNDLE_IDENTIFIER = LabLambWorks.SalesAccountBookUITests;
				PRODUCT_NAME = "$(TARGET_NAME)";
				SWIFT_VERSION = 5.0;
				TARGETED_DEVICE_FAMILY = "1,2";
				TEST_TARGET_NAME = SalesAccountBook;
			};
			name = Release;
		};
/* End XCBuildConfiguration section */

/* Begin XCConfigurationList section */
		D2C7D84923F13333004C66B4 /* Build configuration list for PBXProject "SalesAccountBook" */ = {
			isa = XCConfigurationList;
			buildConfigurations = (
				D2C7D87923F13336004C66B4 /* Debug */,
				D2C7D87A23F13336004C66B4 /* Release */,
			);
			defaultConfigurationIsVisible = 0;
			defaultConfigurationName = Release;
		};
		D2C7D87B23F13336004C66B4 /* Build configuration list for PBXNativeTarget "SalesAccountBook" */ = {
			isa = XCConfigurationList;
			buildConfigurations = (
				D2C7D87C23F13336004C66B4 /* Debug */,
				D2C7D87D23F13336004C66B4 /* Release */,
			);
			defaultConfigurationIsVisible = 0;
			defaultConfigurationName = Release;
		};
		D2C7D87E23F13336004C66B4 /* Build configuration list for PBXNativeTarget "SalesAccountBookTests" */ = {
			isa = XCConfigurationList;
			buildConfigurations = (
				D2C7D87F23F13336004C66B4 /* Debug */,
				D2C7D88023F13336004C66B4 /* Release */,
			);
			defaultConfigurationIsVisible = 0;
			defaultConfigurationName = Release;
		};
		D2C7D88123F13336004C66B4 /* Build configuration list for PBXNativeTarget "SalesAccountBookUITests" */ = {
			isa = XCConfigurationList;
			buildConfigurations = (
				D2C7D88223F13336004C66B4 /* Debug */,
				D2C7D88323F13336004C66B4 /* Release */,
			);
			defaultConfigurationIsVisible = 0;
			defaultConfigurationName = Release;
		};
/* End XCConfigurationList section */

/* Begin XCVersionGroup section */
		D2C7D85A23F13333004C66B4 /* SalesAccountBook.xcdatamodeld */ = {
			isa = XCVersionGroup;
			children = (
				D2C7D85B23F13333004C66B4 /* SalesAccountBook.xcdatamodel */,
			);
			currentVersion = D2C7D85B23F13333004C66B4 /* SalesAccountBook.xcdatamodel */;
			path = SalesAccountBook.xcdatamodeld;
			sourceTree = "<group>";
			versionGroupType = wrapper.xcdatamodel;
		};
/* End XCVersionGroup section */
	};
	rootObject = D2C7D84623F13333004C66B4 /* Project object */;
}
