PODS:
  - SnapKit (5.0.1)
  - SwiftForms (1.8.2)

DEPENDENCIES:
  - SnapKit
  - SwiftForms

SPEC REPOS:
  trunk:
    - SnapKit
    - SwiftForms

SPEC CHECKSUMS:
  SnapKit: 97b92857e3df3a0c71833cce143274bf6ef8e5eb
  SwiftForms: f0d4d30401e21de87d9b7b63a4691a3d4e22bab5

PODFILE CHECKSUM: f2b896b8024323957d6fb441e1a6c02762a16e7b

COCOAPODS: 1.8.4
